<Solution>
  <Project Path="ControlStructures/ControlStructures.csproj" Id="ce4d700d-bb99-4cdf-93fa-4003c9a652f3" />
  <Project Path="ControlStructures2/ControlStructures2.csproj" Id="1fb84114-724a-4c42-b74c-c993ac2a0edb" />
  <Project Path="CSharpLectures/1IDE.csproj" />
  <Project Path="DataTypes/2DataTypes.csproj" />
  <Project Path="Functions/Functions.csproj" Id="96a7d655-79f5-4222-8274-41df4c9d633a" />
  <Project Path="OOP/OOP.csproj" Id="1b44c1f0-6600-4472-8324-165c88cd24dc" />
</Solution>
