<Solution>
  <Project Path="Collections/Collections.csproj" Id="043b58ce-aa5f-40e2-aa52-094e18f9148f" />
  <Project Path="ControlStructures/ControlStructures.csproj" Id="ce4d700d-bb99-4cdf-93fa-4003c9a652f3" />
  <Project Path="ControlStructures2/ControlStructures2.csproj" Id="1fb84114-724a-4c42-b74c-c993ac2a0edb" />
  <Project Path="CSharpLectures/1IDE.csproj" />
  <Project Path="DataTypes/2DataTypes.csproj" />
  <Project Path="Functions/Functions.csproj" Id="96a7d655-79f5-4222-8274-41df4c9d633a" />
  <Project Path="Inheritance/Inheritance.csproj" Id="39a2660b-e1b2-4af8-b0f3-6787a66f21ed" />
  <Project Path="Interfaces/Interfaces.csproj" Id="990fa0d1-a2c9-42e0-a732-7fee9824365b" />
  <Project Path="LINQ/LINQ.csproj" Id="2a616b80-e3d7-4a54-bef2-760dda06e68c" />
  <Project Path="OOP/OOP.csproj" Id="1b44c1f0-6600-4472-8324-165c88cd24dc" />
</Solution>
